
Microsoft Visual Studio Solution File, Format Version 12.00
# Visual Studio Version 16
VisualStudioVersion = 16.0.31410.357
MinimumVisualStudioVersion = 10.0.40219.1
Project("{FAE04EC0-301F-11D3-BF4B-00C04F79EFBC}") = "TestletApp", "TestletApp\TestletApp.csproj", "{548D2AA8-E19D-434C-A0A2-A6B88826A8C5}"
EndProject
Project("{FAE04EC0-301F-11D3-BF4B-00C04F79EFBC}") = "TestletUnitTest", "TestletUnitTest\TestletUnitTest.csproj", "{57AAEA1B-F1B0-4024-BC8A-71A3EB6F8472}"
EndProject
Global
	GlobalSection(SolutionConfigurationPlatforms) = preSolution
		Debug|Any CPU = Debug|Any CPU
		Release|Any CPU = Release|Any CPU
	EndGlobalSection
	GlobalSection(ProjectConfigurationPlatforms) = postSolution
		{548D2AA8-E19D-434C-A0A2-A6B88826A8C5}.Debug|Any CPU.ActiveCfg = Debug|Any CPU
		{548D2AA8-E19D-434C-A0A2-A6B88826A8C5}.Debug|Any CPU.Build.0 = Debug|Any CPU
		{548D2AA8-E19D-434C-A0A2-A6B88826A8C5}.Release|Any CPU.ActiveCfg = Release|Any CPU
		{548D2AA8-E19D-434C-A0A2-A6B88826A8C5}.Release|Any CPU.Build.0 = Release|Any CPU
		{57AAEA1B-F1B0-4024-BC8A-71A3EB6F8472}.Debug|Any CPU.ActiveCfg = Debug|Any CPU
		{57AAEA1B-F1B0-4024-BC8A-71A3EB6F8472}.Debug|Any CPU.Build.0 = Debug|Any CPU
		{57AAEA1B-F1B0-4024-BC8A-71A3EB6F8472}.Release|Any CPU.ActiveCfg = Release|Any CPU
		{57AAEA1B-F1B0-4024-BC8A-71A3EB6F8472}.Release|Any CPU.Build.0 = Release|Any CPU
	EndGlobalSection
	GlobalSection(SolutionProperties) = preSolution
		HideSolutionNode = FALSE
	EndGlobalSection
	GlobalSection(ExtensibilityGlobals) = postSolution
		SolutionGuid = {49D52E7A-DD7A-4412-841C-6FD09C9E78C9}
	EndGlobalSection
EndGlobal
